
Microsoft Visual Studio Solution File, Format Version 12.00
# Visual Studio 15
VisualStudioVersion = 15.0.26228.9
MinimumVisualStudioVersion = 10.0.40219.1
Project("{FAE04EC0-301F-11D3-BF4B-00C04F79EFBC}") = "CsdlToSwagger2", "CsdlToSwagger2\CsdlToSwagger2.csproj", "{D2D9B66A-13E8-4DA3-A61D-C0C6440FCDFF}"
EndProject
Global
	GlobalSection(SolutionConfigurationPlatforms) = preSolution
		Debug|Any CPU = Debug|Any CPU
		Release|Any CPU = Release|Any CPU
	EndGlobalSection
	GlobalSection(ProjectConfigurationPlatforms) = postSolution
		{D2D9B66A-13E8-4DA3-A61D-C0C6440FCDFF}.Debug|Any CPU.ActiveCfg = Debug|Any CPU
		{D2D9B66A-13E8-4DA3-A61D-C0C6440FCDFF}.Debug|Any CPU.Build.0 = Debug|Any CPU
		{D2D9B66A-13E8-4DA3-A61D-C0C6440FCDFF}.Release|Any CPU.ActiveCfg = Release|Any CPU
		{D2D9B66A-13E8-4DA3-A61D-C0C6440FCDFF}.Release|Any CPU.Build.0 = Release|Any CPU
	EndGlobalSection
	GlobalSection(SolutionProperties) = preSolution
		HideSolutionNode = FALSE
	EndGlobalSection
EndGlobal
